
Microsoft Visual Studio Solution File, Format Version 12.00
# Visual Studio 2012
Project("{8BC9CEB8-8B4A-11D0-8D11-00A0C91BC942}") = "Task3 Chapter 8", "Task3 Chapter 8\Task3 Chapter 8.vcxproj", "{C6A208BE-7D25-4DFB-8D32-5286AADD4CFA}"
EndProject
Global
	GlobalSection(SolutionConfigurationPlatforms) = preSolution
		Debug|Win32 = Debug|Win32
		Release|Win32 = Release|Win32
	EndGlobalSection
	GlobalSection(ProjectConfigurationPlatforms) = postSolution
		{C6A208BE-7D25-4DFB-8D32-5286AADD4CFA}.Debug|Win32.ActiveCfg = Debug|Win32
		{C6A208BE-7D25-4DFB-8D32-5286AADD4CFA}.Debug|Win32.Build.0 = Debug|Win32
		{C6A208BE-7D25-4DFB-8D32-5286AADD4CFA}.Release|Win32.ActiveCfg = Release|Win32
		{C6A208BE-7D25-4DFB-8D32-5286AADD4CFA}.Release|Win32.Build.0 = Release|Win32
	EndGlobalSection
	GlobalSection(SolutionProperties) = preSolution
		HideSolutionNode = FALSE
	EndGlobalSection
EndGlobal
