
Microsoft Visual Studio Solution File, Format Version 12.00
# Visual Studio 2012
Project("{8BC9CEB8-8B4A-11D0-8D11-00A0C91BC942}") = "C++ Chapter 1 test", "C++ Chapter 1 test\C++ Chapter 1 test.vcxproj", "{5D527F8F-228D-4C7F-9FD0-FFE4EA4C4027}"
EndProject
Global
	GlobalSection(SolutionConfigurationPlatforms) = preSolution
		Debug|Win32 = Debug|Win32
		Release|Win32 = Release|Win32
	EndGlobalSection
	GlobalSection(ProjectConfigurationPlatforms) = postSolution
		{5D527F8F-228D-4C7F-9FD0-FFE4EA4C4027}.Debug|Win32.ActiveCfg = Debug|Win32
		{5D527F8F-228D-4C7F-9FD0-FFE4EA4C4027}.Debug|Win32.Build.0 = Debug|Win32
		{5D527F8F-228D-4C7F-9FD0-FFE4EA4C4027}.Release|Win32.ActiveCfg = Release|Win32
		{5D527F8F-228D-4C7F-9FD0-FFE4EA4C4027}.Release|Win32.Build.0 = Release|Win32
	EndGlobalSection
	GlobalSection(SolutionProperties) = preSolution
		HideSolutionNode = FALSE
	EndGlobalSection
EndGlobal
