
Microsoft Visual Studio Solution File, Format Version 12.00
# Visual Studio 2012
Project("{8BC9CEB8-8B4A-11D0-8D11-00A0C91BC942}") = "Task1 Chapter 5", "Task1 Chapter 5\Task1 Chapter 5.vcxproj", "{A915EB9B-62D5-4204-877C-C7FA627D680A}"
EndProject
Global
	GlobalSection(SolutionConfigurationPlatforms) = preSolution
		Debug|Win32 = Debug|Win32
		Release|Win32 = Release|Win32
	EndGlobalSection
	GlobalSection(ProjectConfigurationPlatforms) = postSolution
		{A915EB9B-62D5-4204-877C-C7FA627D680A}.Debug|Win32.ActiveCfg = Debug|Win32
		{A915EB9B-62D5-4204-877C-C7FA627D680A}.Debug|Win32.Build.0 = Debug|Win32
		{A915EB9B-62D5-4204-877C-C7FA627D680A}.Release|Win32.ActiveCfg = Release|Win32
		{A915EB9B-62D5-4204-877C-C7FA627D680A}.Release|Win32.Build.0 = Release|Win32
	EndGlobalSection
	GlobalSection(SolutionProperties) = preSolution
		HideSolutionNode = FALSE
	EndGlobalSection
EndGlobal
