
Microsoft Visual Studio Solution File, Format Version 12.00
# Visual Studio 2012
Project("{8BC9CEB8-8B4A-11D0-8D11-00A0C91BC942}") = "Task2 Chapter 4", "Task2 Chapter 4\Task2 Chapter 4.vcxproj", "{CD9FF589-2A87-4E90-9729-DEEDC8DB5FC7}"
EndProject
Global
	GlobalSection(SolutionConfigurationPlatforms) = preSolution
		Debug|Win32 = Debug|Win32
		Release|Win32 = Release|Win32
	EndGlobalSection
	GlobalSection(ProjectConfigurationPlatforms) = postSolution
		{CD9FF589-2A87-4E90-9729-DEEDC8DB5FC7}.Debug|Win32.ActiveCfg = Debug|Win32
		{CD9FF589-2A87-4E90-9729-DEEDC8DB5FC7}.Debug|Win32.Build.0 = Debug|Win32
		{CD9FF589-2A87-4E90-9729-DEEDC8DB5FC7}.Release|Win32.ActiveCfg = Release|Win32
		{CD9FF589-2A87-4E90-9729-DEEDC8DB5FC7}.Release|Win32.Build.0 = Release|Win32
	EndGlobalSection
	GlobalSection(SolutionProperties) = preSolution
		HideSolutionNode = FALSE
	EndGlobalSection
EndGlobal
