// !$*UTF8*$!
{
	archiveVersion = 1;
	classes = {
	};
	objectVersion = 48;
	objects = {

/* Begin PBXBuildFile section */
		08671FAA1F2E63E300276D23 /* AppDelegate.swift in Sources */ = {isa = PBXBuildFile; fileRef = 08671FA91F2E63E300276D23 /* AppDelegate.swift */; };
		08671FAC1F2E63E300276D23 /* ViewController.swift in Sources */ = {isa = PBXBuildFile; fileRef = 08671FAB1F2E63E300276D23 /* ViewController.swift */; };
		08671FAF1F2E63E300276D23 /* Main.storyboard in Resources */ = {isa = PBXBuildFile; fileRef = 08671FAD1F2E63E300276D23 /* Main.storyboard */; };
		08671FB11F2E63E300276D23 /* Assets.xcassets in Resources */ = {isa = PBXBuildFile; fileRef = 08671FB01F2E63E300276D23 /* Assets.xcassets */; };
		08671FB41F2E63E300276D23 /* LaunchScreen.storyboard in Resources */ = {isa = PBXBuildFile; fileRef = 08671FB21F2E63E300276D23 /* LaunchScreen.storyboard */; };
		08671FBF1F2E63E300276D23 /* MiraclePillTests.swift in Sources */ = {isa = PBXBuildFile; fileRef = 08671FBE1F2E63E300276D23 /* MiraclePillTests.swift */; };
		08671FCA1F2E63E300276D23 /* MiraclePillUITests.swift in Sources */ = {isa = PBXBuildFile; fileRef = 08671FC91F2E63E300276D23 /* MiraclePillUITests.swift */; };
/* End PBXBuildFile section */

/* Begin PBXContainerItemProxy section */
		08671FBB1F2E63E300276D23 /* PBXContainerItemProxy */ = {
			isa = PBXContainerItemProxy;
			containerPortal = 08671F9E1F2E63E300276D23 /* Project object */;
			proxyType = 1;
			remoteGlobalIDString = 08671FA51F2E63E300276D23;
			remoteInfo = MiraclePill;
		};
		08671FC61F2E63E300276D23 /* PBXContainerItemProxy */ = {
			isa = PBXContainerItemProxy;
			containerPortal = 08671F9E1F2E63E300276D23 /* Project object */;
			proxyType = 1;
			remoteGlobalIDString = 08671FA51F2E63E300276D23;
			remoteInfo = MiraclePill;
		};
/* End PBXContainerItemProxy section */

/* Begin PBXFileReference section */
		08671FA61F2E63E300276D23 /* MiraclePill.app */ = {isa = PBXFileReference; explicitFileType = wrapper.application; includeInIndex = 0; path = MiraclePill.app; sourceTree = BUILT_PRODUCTS_DIR; };
		08671FA91F2E63E300276D23 /* AppDelegate.swift */ = {isa = PBXFileReference; lastKnownFileType = sourcecode.swift; path = AppDelegate.swift; sourceTree = "<group>"; };
		08671FAB1F2E63E300276D23 /* ViewController.swift */ = {isa = PBXFileReference; lastKnownFileType = sourcecode.swift; path = ViewController.swift; sourceTree = "<group>"; };
		08671FAE1F2E63E300276D23 /* Base */ = {isa = PBXFileReference; lastKnownFileType = file.storyboard; name = Base; path = Base.lproj/Main.storyboard; sourceTree = "<group>"; };
		08671FB01F2E63E300276D23 /* Assets.xcassets */ = {isa = PBXFileReference; lastKnownFileType = folder.assetcatalog; path = Assets.xcassets; sourceTree = "<group>"; };
		08671FB31F2E63E300276D23 /* Base */ = {isa = PBXFileReference; lastKnownFileType = file.storyboard; name = Base; path = Base.lproj/LaunchScreen.storyboard; sourceTree = "<group>"; };
		08671FB51F2E63E300276D23 /* Info.plist */ = {isa = PBXFileReference; lastKnownFileType = text.plist.xml; path = Info.plist; sourceTree = "<group>"; };
		08671FBA1F2E63E300276D23 /* MiraclePillTests.xctest */ = {isa = PBXFileReference; explicitFileType = wrapper.cfbundle; includeInIndex = 0; path = MiraclePillTests.xctest; sourceTree = BUILT_PRODUCTS_DIR; };
		08671FBE1F2E63E300276D23 /* MiraclePillTests.swift */ = {isa = PBXFileReference; lastKnownFileType = sourcecode.swift; path = MiraclePillTests.swift; sourceTree = "<group>"; };
		08671FC01F2E63E300276D23 /* Info.plist */ = {isa = PBXFileReference; lastKnownFileType = text.plist.xml; path = Info.plist; sourceTree = "<group>"; };
		08671FC51F2E63E300276D23 /* MiraclePillUITests.xctest */ = {isa = PBXFileReference; explicitFileType = wrapper.cfbundle; includeInIndex = 0; path = MiraclePillUITests.xctest; sourceTree = BUILT_PRODUCTS_DIR; };
		08671FC91F2E63E300276D23 /* MiraclePillUITests.swift */ = {isa = PBXFileReference; lastKnownFileType = sourcecode.swift; path = MiraclePillUITests.swift; sourceTree = "<group>"; };
		08671FCB1F2E63E300276D23 /* Info.plist */ = {isa = PBXFileReference; lastKnownFileType = text.plist.xml; path = Info.plist; sourceTree = "<group>"; };
/* End PBXFileReference section */

/* Begin PBXFrameworksBuildPhase section */
		08671FA31F2E63E300276D23 /* Frameworks */ = {
			isa = PBXFrameworksBuildPhase;
			buildActionMask = 2147483647;
			files = (
			);
			runOnlyForDeploymentPostprocessing = 0;
		};
		08671FB71F2E63E300276D23 /* Frameworks */ = {
			isa = PBXFrameworksBuildPhase;
			buildActionMask = 2147483647;
			files = (
			);
			runOnlyForDeploymentPostprocessing = 0;
		};
		08671FC21F2E63E300276D23 /* Frameworks */ = {
			isa = PBXFrameworksBuildPhase;
			buildActionMask = 2147483647;
			files = (
			);
			runOnlyForDeploymentPostprocessing = 0;
		};
/* End PBXFrameworksBuildPhase section */

/* Begin PBXGroup section */
		08671F9D1F2E63E300276D23 = {
			isa = PBXGroup;
			children = (
				08671FA81F2E63E300276D23 /* MiraclePill */,
				08671FBD1F2E63E300276D23 /* MiraclePillTests */,
				08671FC81F2E63E300276D23 /* MiraclePillUITests */,
				08671FA71F2E63E300276D23 /* Products */,
			);
			sourceTree = "<group>";
		};
		08671FA71F2E63E300276D23 /* Products */ = {
			isa = PBXGroup;
			children = (
				08671FA61F2E63E300276D23 /* MiraclePill.app */,
				08671FBA1F2E63E300276D23 /* MiraclePillTests.xctest */,
				08671FC51F2E63E300276D23 /* MiraclePillUITests.xctest */,
			);
			name = Products;
			sourceTree = "<group>";
		};
		08671FA81F2E63E300276D23 /* MiraclePill */ = {
			isa = PBXGroup;
			children = (
				08671FA91F2E63E300276D23 /* AppDelegate.swift */,
				08671FAB1F2E63E300276D23 /* ViewController.swift */,
				08671FAD1F2E63E300276D23 /* Main.storyboard */,
				08671FB01F2E63E300276D23 /* Assets.xcassets */,
				08671FB21F2E63E300276D23 /* LaunchScreen.storyboard */,
				08671FB51F2E63E300276D23 /* Info.plist */,
			);
			path = MiraclePill;
			sourceTree = "<group>";
		};
		08671FBD1F2E63E300276D23 /* MiraclePillTests */ = {
			isa = PBXGroup;
			children = (
				08671FBE1F2E63E300276D23 /* MiraclePillTests.swift */,
				08671FC01F2E63E300276D23 /* Info.plist */,
			);
			path = MiraclePillTests;
			sourceTree = "<group>";
		};
		08671FC81F2E63E300276D23 /* MiraclePillUITests */ = {
			isa = PBXGroup;
			children = (
				08671FC91F2E63E300276D23 /* MiraclePillUITests.swift */,
				08671FCB1F2E63E300276D23 /* Info.plist */,
			);
			path = MiraclePillUITests;
			sourceTree = "<group>";
		};
/* End PBXGroup section */

/* Begin PBXNativeTarget section */
		08671FA51F2E63E300276D23 /* MiraclePill */ = {
			isa = PBXNativeTarget;
			buildConfigurationList = 08671FCE1F2E63E300276D23 /* Build configuration list for PBXNativeTarget "MiraclePill" */;
			buildPhases = (
				08671FA21F2E63E300276D23 /* Sources */,
				08671FA31F2E63E300276D23 /* Frameworks */,
				08671FA41F2E63E300276D23 /* Resources */,
			);
			buildRules = (
			);
			dependencies = (
			);
			name = MiraclePill;
			productName = MiraclePill;
			productReference = 08671FA61F2E63E300276D23 /* MiraclePill.app */;
			productType = "com.apple.product-type.application";
		};
		08671FB91F2E63E300276D23 /* MiraclePillTests */ = {
			isa = PBXNativeTarget;
			buildConfigurationList = 08671FD11F2E63E300276D23 /* Build configuration list for PBXNativeTarget "MiraclePillTests" */;
			buildPhases = (
				08671FB61F2E63E300276D23 /* Sources */,
				08671FB71F2E63E300276D23 /* Frameworks */,
				08671FB81F2E63E300276D23 /* Resources */,
			);
			buildRules = (
			);
			dependencies = (
				08671FBC1F2E63E300276D23 /* PBXTargetDependency */,
			);
			name = MiraclePillTests;
			productName = MiraclePillTests;
			productReference = 08671FBA1F2E63E300276D23 /* MiraclePillTests.xctest */;
			productType = "com.apple.product-type.bundle.unit-test";
		};
		08671FC41F2E63E300276D23 /* MiraclePillUITests */ = {
			isa = PBXNativeTarget;
			buildConfigurationList = 08671FD41F2E63E300276D23 /* Build configuration list for PBXNativeTarget "MiraclePillUITests" */;
			buildPhases = (
				08671FC11F2E63E300276D23 /* Sources */,
				08671FC21F2E63E300276D23 /* Frameworks */,
				08671FC31F2E63E300276D23 /* Resources */,
			);
			buildRules = (
			);
			dependencies = (
				08671FC71F2E63E300276D23 /* PBXTargetDependency */,
			);
			name = MiraclePillUITests;
			productName = MiraclePillUITests;
			productReference = 08671FC51F2E63E300276D23 /* MiraclePillUITests.xctest */;
			productType = "com.apple.product-type.bundle.ui-testing";
		};
/* End PBXNativeTarget section */

/* Begin PBXProject section */
		08671F9E1F2E63E300276D23 /* Project object */ = {
			isa = PBXProject;
			attributes = {
				LastSwiftUpdateCheck = 0900;
				LastUpgradeCheck = 0900;
				ORGANIZATIONNAME = Navality;
				TargetAttributes = {
					08671FA51F2E63E300276D23 = {
						CreatedOnToolsVersion = 9.0;
					};
					08671FB91F2E63E300276D23 = {
						CreatedOnToolsVersion = 9.0;
						TestTargetID = 08671FA51F2E63E300276D23;
					};
					08671FC41F2E63E300276D23 = {
						CreatedOnToolsVersion = 9.0;
						TestTargetID = 08671FA51F2E63E300276D23;
					};
				};
			};
			buildConfigurationList = 08671FA11F2E63E300276D23 /* Build configuration list for PBXProject "MiraclePill" */;
			compatibilityVersion = "Xcode 8.0";
			developmentRegion = en;
			hasScannedForEncodings = 0;
			knownRegions = (
				en,
				Base,
			);
			mainGroup = 08671F9D1F2E63E300276D23;
			productRefGroup = 08671FA71F2E63E300276D23 /* Products */;
			projectDirPath = "";
			projectRoot = "";
			targets = (
				08671FA51F2E63E300276D23 /* MiraclePill */,
				08671FB91F2E63E300276D23 /* MiraclePillTests */,
				08671FC41F2E63E300276D23 /* MiraclePillUITests */,
			);
		};
/* End PBXProject section */

/* Begin PBXResourcesBuildPhase section */
		08671FA41F2E63E300276D23 /* Resources */ = {
			isa = PBXResourcesBuildPhase;
			buildActionMask = 2147483647;
			files = (
				08671FB41F2E63E300276D23 /* LaunchScreen.storyboard in Resources */,
				08671FB11F2E63E300276D23 /* Assets.xcassets in Resources */,
				08671FAF1F2E63E300276D23 /* Main.storyboard in Resources */,
			);
			runOnlyForDeploymentPostprocessing = 0;
		};
		08671FB81F2E63E300276D23 /* Resources */ = {
			isa = PBXResourcesBuildPhase;
			buildActionMask = 2147483647;
			files = (
			);
			runOnlyForDeploymentPostprocessing = 0;
		};
		08671FC31F2E63E300276D23 /* Resources */ = {
			isa = PBXResourcesBuildPhase;
			buildActionMask = 2147483647;
			files = (
			);
			runOnlyForDeploymentPostprocessing = 0;
		};
/* End PBXResourcesBuildPhase section */

/* Begin PBXSourcesBuildPhase section */
		08671FA21F2E63E300276D23 /* Sources */ = {
			isa = PBXSourcesBuildPhase;
			buildActionMask = 2147483647;
			files = (
				08671FAC1F2E63E300276D23 /* ViewController.swift in Sources */,
				08671FAA1F2E63E300276D23 /* AppDelegate.swift in Sources */,
			);
			runOnlyForDeploymentPostprocessing = 0;
		};
		08671FB61F2E63E300276D23 /* Sources */ = {
			isa = PBXSourcesBuildPhase;
			buildActionMask = 2147483647;
			files = (
				08671FBF1F2E63E300276D23 /* MiraclePillTests.swift in Sources */,
			);
			runOnlyForDeploymentPostprocessing = 0;
		};
		08671FC11F2E63E300276D23 /* Sources */ = {
			isa = PBXSourcesBuildPhase;
			buildActionMask = 2147483647;
			files = (
				08671FCA1F2E63E300276D23 /* MiraclePillUITests.swift in Sources */,
			);
			runOnlyForDeploymentPostprocessing = 0;
		};
/* End PBXSourcesBuildPhase section */

/* Begin PBXTargetDependency section */
		08671FBC1F2E63E300276D23 /* PBXTargetDependency */ = {
			isa = PBXTargetDependency;
			target = 08671FA51F2E63E300276D23 /* MiraclePill */;
			targetProxy = 08671FBB1F2E63E300276D23 /* PBXContainerItemProxy */;
		};
		08671FC71F2E63E300276D23 /* PBXTargetDependency */ = {
			isa = PBXTargetDependency;
			target = 08671FA51F2E63E300276D23 /* MiraclePill */;
			targetProxy = 08671FC61F2E63E300276D23 /* PBXContainerItemProxy */;
		};
/* End PBXTargetDependency section */

/* Begin PBXVariantGroup section */
		08671FAD1F2E63E300276D23 /* Main.storyboard */ = {
			isa = PBXVariantGroup;
			children = (
				08671FAE1F2E63E300276D23 /* Base */,
			);
			name = Main.storyboard;
			sourceTree = "<group>";
		};
		08671FB21F2E63E300276D23 /* LaunchScreen.storyboard */ = {
			isa = PBXVariantGroup;
			children = (
				08671FB31F2E63E300276D23 /* Base */,
			);
			name = LaunchScreen.storyboard;
			sourceTree = "<group>";
		};
/* End PBXVariantGroup section */

/* Begin XCBuildConfiguration section */
		08671FCC1F2E63E300276D23 /* Debug */ = {
			isa = XCBuildConfiguration;
			buildSettings = {
				ALWAYS_SEARCH_USER_PATHS = NO;
				CLANG_ANALYZER_NONNULL = YES;
				CLANG_ANALYZER_NUMBER_OBJECT_CONVERSION = YES_AGGRESSIVE;
				CLANG_CXX_LANGUAGE_STANDARD = "gnu++14";
				CLANG_CXX_LIBRARY = "libc++";
				CLANG_ENABLE_MODULES = YES;
				CLANG_ENABLE_OBJC_ARC = YES;
				CLANG_WARN_BLOCK_CAPTURE_AUTORELEASING = YES;
				CLANG_WARN_BOOL_CONVERSION = YES;
				CLANG_WARN_COMMA = YES;
				CLANG_WARN_CONSTANT_CONVERSION = YES;
				CLANG_WARN_DIRECT_OBJC_ISA_USAGE = YES_ERROR;
				CLANG_WARN_DOCUMENTATION_COMMENTS = YES;
				CLANG_WARN_EMPTY_BODY = YES;
				CLANG_WARN_ENUM_CONVERSION = YES;
				CLANG_WARN_INFINITE_RECURSION = YES;
				CLANG_WARN_INT_CONVERSION = YES;
				CLANG_WARN_NON_LITERAL_NULL_CONVERSION = YES;
				CLANG_WARN_OBJC_LITERAL_CONVERSION = YES;
				CLANG_WARN_OBJC_ROOT_CLASS = YES_ERROR;
				CLANG_WARN_RANGE_LOOP_ANALYSIS = YES;
				CLANG_WARN_STRICT_PROTOTYPES = YES;
				CLANG_WARN_SUSPICIOUS_MOVE = YES;
				CLANG_WARN_UNGUARDED_AVAILABILITY = YES_AGGRESSIVE;
				CLANG_WARN_UNREACHABLE_CODE = YES;
				CLANG_WARN__DUPLICATE_METHOD_MATCH = YES;
				CODE_SIGN_IDENTITY = "iPhone Developer";
				COPY_PHASE_STRIP = NO;
				DEBUG_INFORMATION_FORMAT = dwarf;
				ENABLE_STRICT_OBJC_MSGSEND = YES;
				ENABLE_TESTABILITY = YES;
				GCC_C_LANGUAGE_STANDARD = gnu11;
				GCC_DYNAMIC_NO_PIC = NO;
				GCC_NO_COMMON_BLOCKS = YES;
				GCC_OPTIMIZATION_LEVEL = 0;
				GCC_PREPROCESSOR_DEFINITIONS = (
					"DEBUG=1",
					"$(inherited)",
				);
				GCC_WARN_64_TO_32_BIT_CONVERSION = YES;
				GCC_WARN_ABOUT_RETURN_TYPE = YES_ERROR;
				GCC_WARN_UNDECLARED_SELECTOR = YES;
				GCC_WARN_UNINITIALIZED_AUTOS = YES_AGGRESSIVE;
				GCC_WARN_UNUSED_FUNCTION = YES;
				GCC_WARN_UNUSED_VARIABLE = YES;
				IPHONEOS_DEPLOYMENT_TARGET = 11.0;
				MTL_ENABLE_DEBUG_INFO = YES;
				ONLY_ACTIVE_ARCH = YES;
				SDKROOT = iphoneos;
				SWIFT_ACTIVE_COMPILATION_CONDITIONS = DEBUG;
				SWIFT_OPTIMIZATION_LEVEL = "-Onone";
			};
			name = Debug;
		};
		08671FCD1F2E63E300276D23 /* Release */ = {
			isa = XCBuildConfiguration;
			buildSettings = {
				ALWAYS_SEARCH_USER_PATHS = NO;
				CLANG_ANALYZER_NONNULL = YES;
				CLANG_ANALYZER_NUMBER_OBJECT_CONVERSION = YES_AGGRESSIVE;
				CLANG_CXX_LANGUAGE_STANDARD = "gnu++14";
				CLANG_CXX_LIBRARY = "libc++";
				CLANG_ENABLE_MODULES = YES;
				CLANG_ENABLE_OBJC_ARC = YES;
				CLANG_WARN_BLOCK_CAPTURE_AUTORELEASING = YES;
				CLANG_WARN_BOOL_CONVERSION = YES;
				CLANG_WARN_COMMA = YES;
				CLANG_WARN_CONSTANT_CONVERSION = YES;
				CLANG_WARN_DIRECT_OBJC_ISA_USAGE = YES_ERROR;
				CLANG_WARN_DOCUMENTATION_COMMENTS = YES;
				CLANG_WARN_EMPTY_BODY = YES;
				CLANG_WARN_ENUM_CONVERSION = YES;
				CLANG_WARN_INFINITE_RECURSION = YES;
				CLANG_WARN_INT_CONVERSION = YES;
				CLANG_WARN_NON_LITERAL_NULL_CONVERSION = YES;
				CLANG_WARN_OBJC_LITERAL_CONVERSION = YES;
				CLANG_WARN_OBJC_ROOT_CLASS = YES_ERROR;
				CLANG_WARN_RANGE_LOOP_ANALYSIS = YES;
				CLANG_WARN_STRICT_PROTOTYPES = YES;
				CLANG_WARN_SUSPICIOUS_MOVE = YES;
				CLANG_WARN_UNGUARDED_AVAILABILITY = YES_AGGRESSIVE;
				CLANG_WARN_UNREACHABLE_CODE = YES;
				CLANG_WARN__DUPLICATE_METHOD_MATCH = YES;
				CODE_SIGN_IDENTITY = "iPhone Developer";
				COPY_PHASE_STRIP = NO;
				DEBUG_INFORMATION_FORMAT = "dwarf-with-dsym";
				ENABLE_NS_ASSERTIONS = NO;
				ENABLE_STRICT_OBJC_MSGSEND = YES;
				GCC_C_LANGUAGE_STANDARD = gnu11;
				GCC_NO_COMMON_BLOCKS = YES;
				GCC_WARN_64_TO_32_BIT_CONVERSION = YES;
				GCC_WARN_ABOUT_RETURN_TYPE = YES_ERROR;
				GCC_WARN_UNDECLARED_SELECTOR = YES;
				GCC_WARN_UNINITIALIZED_AUTOS = YES_AGGRESSIVE;
				GCC_WARN_UNUSED_FUNCTION = YES;
				GCC_WARN_UNUSED_VARIABLE = YES;
				IPHONEOS_DEPLOYMENT_TARGET = 11.0;
				MTL_ENABLE_DEBUG_INFO = NO;
				SDKROOT = iphoneos;
				SWIFT_OPTIMIZATION_LEVEL = "-Owholemodule";
				VALIDATE_PRODUCT = YES;
			};
			name = Release;
		};
		08671FCF1F2E63E300276D23 /* Debug */ = {
			isa = XCBuildConfiguration;
			buildSettings = {
				ASSETCATALOG_COMPILER_APPICON_NAME = AppIcon;
				DEVELOPMENT_TEAM = U5Q86744AS;
				INFOPLIST_FILE = MiraclePill/Info.plist;
				LD_RUNPATH_SEARCH_PATHS = "$(inherited) @executable_path/Frameworks";
				PRODUCT_BUNDLE_IDENTIFIER = com.navality.MiraclePill;
				PRODUCT_NAME = "$(TARGET_NAME)";
				SWIFT_VERSION = 4.0;
				TARGETED_DEVICE_FAMILY = "1,2";
			};
			name = Debug;
		};
		08671FD01F2E63E300276D23 /* Release */ = {
			isa = XCBuildConfiguration;
			buildSettings = {
				ASSETCATALOG_COMPILER_APPICON_NAME = AppIcon;
				DEVELOPMENT_TEAM = U5Q86744AS;
				INFOPLIST_FILE = MiraclePill/Info.plist;
				LD_RUNPATH_SEARCH_PATHS = "$(inherited) @executable_path/Frameworks";
				PRODUCT_BUNDLE_IDENTIFIER = com.navality.MiraclePill;
				PRODUCT_NAME = "$(TARGET_NAME)";
				SWIFT_VERSION = 4.0;
				TARGETED_DEVICE_FAMILY = "1,2";
			};
			name = Release;
		};
		08671FD21F2E63E300276D23 /* Debug */ = {
			isa = XCBuildConfiguration;
			buildSettings = {
				ALWAYS_EMBED_SWIFT_STANDARD_LIBRARIES = YES;
				BUNDLE_LOADER = "$(TEST_HOST)";
				DEVELOPMENT_TEAM = U5Q86744AS;
				INFOPLIST_FILE = MiraclePillTests/Info.plist;
				LD_RUNPATH_SEARCH_PATHS = "$(inherited) @executable_path/Frameworks @loader_path/Frameworks";
				PRODUCT_BUNDLE_IDENTIFIER = com.navality.MiraclePillTests;
				PRODUCT_NAME = "$(TARGET_NAME)";
				SWIFT_VERSION = 4.0;
				TARGETED_DEVICE_FAMILY = "1,2";
				TEST_HOST = "$(BUILT_PRODUCTS_DIR)/MiraclePill.app/MiraclePill";
			};
			name = Debug;
		};
		08671FD31F2E63E300276D23 /* Release */ = {
			isa = XCBuildConfiguration;
			buildSettings = {
				ALWAYS_EMBED_SWIFT_STANDARD_LIBRARIES = YES;
				BUNDLE_LOADER = "$(TEST_HOST)";
				DEVELOPMENT_TEAM = U5Q86744AS;
				INFOPLIST_FILE = MiraclePillTests/Info.plist;
				LD_RUNPATH_SEARCH_PATHS = "$(inherited) @executable_path/Frameworks @loader_path/Frameworks";
				PRODUCT_BUNDLE_IDENTIFIER = com.navality.MiraclePillTests;
				PRODUCT_NAME = "$(TARGET_NAME)";
				SWIFT_VERSION = 4.0;
				TARGETED_DEVICE_FAMILY = "1,2";
				TEST_HOST = "$(BUILT_PRODUCTS_DIR)/MiraclePill.app/MiraclePill";
			};
			name = Release;
		};
		08671FD51F2E63E300276D23 /* Debug */ = {
			isa = XCBuildConfiguration;
			buildSettings = {
				ALWAYS_EMBED_SWIFT_STANDARD_LIBRARIES = YES;
				DEVELOPMENT_TEAM = U5Q86744AS;
				INFOPLIST_FILE = MiraclePillUITests/Info.plist;
				LD_RUNPATH_SEARCH_PATHS = "$(inherited) @executable_path/Frameworks @loader_path/Frameworks";
				PRODUCT_BUNDLE_IDENTIFIER = com.navality.MiraclePillUITests;
				PRODUCT_NAME = "$(TARGET_NAME)";
				SWIFT_VERSION = 4.0;
				TARGETED_DEVICE_FAMILY = "1,2";
				TEST_TARGET_NAME = MiraclePill;
			};
			name = Debug;
		};
		08671FD61F2E63E300276D23 /* Release */ = {
			isa = XCBuildConfiguration;
			buildSettings = {
				ALWAYS_EMBED_SWIFT_STANDARD_LIBRARIES = YES;
				DEVELOPMENT_TEAM = U5Q86744AS;
				INFOPLIST_FILE = MiraclePillUITests/Info.plist;
				LD_RUNPATH_SEARCH_PATHS = "$(inherited) @executable_path/Frameworks @loader_path/Frameworks";
				PRODUCT_BUNDLE_IDENTIFIER = com.navality.MiraclePillUITests;
				PRODUCT_NAME = "$(TARGET_NAME)";
				SWIFT_VERSION = 4.0;
				TARGETED_DEVICE_FAMILY = "1,2";
				TEST_TARGET_NAME = MiraclePill;
			};
			name = Release;
		};
/* End XCBuildConfiguration section */

/* Begin XCConfigurationList section */
		08671FA11F2E63E300276D23 /* Build configuration list for PBXProject "MiraclePill" */ = {
			isa = XCConfigurationList;
			buildConfigurations = (
				08671FCC1F2E63E300276D23 /* Debug */,
				08671FCD1F2E63E300276D23 /* Release */,
			);
			defaultConfigurationIsVisible = 0;
			defaultConfigurationName = Release;
		};
		08671FCE1F2E63E300276D23 /* Build configuration list for PBXNativeTarget "MiraclePill" */ = {
			isa = XCConfigurationList;
			buildConfigurations = (
				08671FCF1F2E63E300276D23 /* Debug */,
				08671FD01F2E63E300276D23 /* Release */,
			);
			defaultConfigurationIsVisible = 0;
		};
		08671FD11F2E63E300276D23 /* Build configuration list for PBXNativeTarget "MiraclePillTests" */ = {
			isa = XCConfigurationList;
			buildConfigurations = (
				08671FD21F2E63E300276D23 /* Debug */,
				08671FD31F2E63E300276D23 /* Release */,
			);
			defaultConfigurationIsVisible = 0;
		};
		08671FD41F2E63E300276D23 /* Build configuration list for PBXNativeTarget "MiraclePillUITests" */ = {
			isa = XCConfigurationList;
			buildConfigurations = (
				08671FD51F2E63E300276D23 /* Debug */,
				08671FD61F2E63E300276D23 /* Release */,
			);
			defaultConfigurationIsVisible = 0;
		};
/* End XCConfigurationList section */
	};
	rootObject = 08671F9E1F2E63E300276D23 /* Project object */;
}
